
Microsoft Visual Studio Solution File, Format Version 12.00
# Visual Studio Version 17
VisualStudioVersion = 17.0.31912.275
MinimumVisualStudioVersion = 10.0.40219.1
Project("{9A19103F-16F7-4668-BE54-9A1E7A4F7556}") = "DBStuff", "DBStuff\DBStuff.csproj", "{B5BD8ECA-1F02-4A29-934F-374B47AC3852}"
EndProject
Project("{9A19103F-16F7-4668-BE54-9A1E7A4F7556}") = "DesktopApp", "DesktopApp\DesktopApp.csproj", "{09D61369-ECCF-4C8D-9DC5-E3809D0FDE4E}"
EndProject
Project("{9A19103F-16F7-4668-BE54-9A1E7A4F7556}") = "DataLayer", "DataLayer\DataLayer.csproj", "{5492830D-C390-47E3-8D5E-5CC5758E9841}"
EndProject
Project("{2150E333-8FDC-42A3-9474-1A3956D46DE8}") = "Data", "Data", "{F362510E-D757-4CC5-9E31-C7446E9FB404}"
	ProjectSection(SolutionItems) = preProject
		Data\psycho.db = Data\psycho.db
	EndProjectSection
EndProject
Project("{9A19103F-16F7-4668-BE54-9A1E7A4F7556}") = "WebApp", "WebApp\WebApp.csproj", "{099F10AE-DE87-47A3-A76F-998E4BDC680B}"
EndProject
Global
	GlobalSection(SolutionConfigurationPlatforms) = preSolution
		Debug|Any CPU = Debug|Any CPU
		Release|Any CPU = Release|Any CPU
	EndGlobalSection
	GlobalSection(ProjectConfigurationPlatforms) = postSolution
		{B5BD8ECA-1F02-4A29-934F-374B47AC3852}.Debug|Any CPU.ActiveCfg = Debug|Any CPU
		{B5BD8ECA-1F02-4A29-934F-374B47AC3852}.Debug|Any CPU.Build.0 = Debug|Any CPU
		{B5BD8ECA-1F02-4A29-934F-374B47AC3852}.Release|Any CPU.ActiveCfg = Release|Any CPU
		{B5BD8ECA-1F02-4A29-934F-374B47AC3852}.Release|Any CPU.Build.0 = Release|Any CPU
		{09D61369-ECCF-4C8D-9DC5-E3809D0FDE4E}.Debug|Any CPU.ActiveCfg = Debug|Any CPU
		{09D61369-ECCF-4C8D-9DC5-E3809D0FDE4E}.Debug|Any CPU.Build.0 = Debug|Any CPU
		{09D61369-ECCF-4C8D-9DC5-E3809D0FDE4E}.Release|Any CPU.ActiveCfg = Release|Any CPU
		{09D61369-ECCF-4C8D-9DC5-E3809D0FDE4E}.Release|Any CPU.Build.0 = Release|Any CPU
		{5492830D-C390-47E3-8D5E-5CC5758E9841}.Debug|Any CPU.ActiveCfg = Debug|Any CPU
		{5492830D-C390-47E3-8D5E-5CC5758E9841}.Debug|Any CPU.Build.0 = Debug|Any CPU
		{5492830D-C390-47E3-8D5E-5CC5758E9841}.Release|Any CPU.ActiveCfg = Release|Any CPU
		{5492830D-C390-47E3-8D5E-5CC5758E9841}.Release|Any CPU.Build.0 = Release|Any CPU
		{099F10AE-DE87-47A3-A76F-998E4BDC680B}.Debug|Any CPU.ActiveCfg = Debug|Any CPU
		{099F10AE-DE87-47A3-A76F-998E4BDC680B}.Debug|Any CPU.Build.0 = Debug|Any CPU
		{099F10AE-DE87-47A3-A76F-998E4BDC680B}.Release|Any CPU.ActiveCfg = Release|Any CPU
		{099F10AE-DE87-47A3-A76F-998E4BDC680B}.Release|Any CPU.Build.0 = Release|Any CPU
	EndGlobalSection
	GlobalSection(SolutionProperties) = preSolution
		HideSolutionNode = FALSE
	EndGlobalSection
	GlobalSection(ExtensibilityGlobals) = postSolution
		SolutionGuid = {14FC86AA-5C9C-4CA9-B7BB-109664443F2A}
	EndGlobalSection
EndGlobal
